# THIS IS AN AUTOGENERATED FILE. DO NOT EDIT THIS FILE DIRECTLY.
# yarn lockfile v1


"@prisma/bar@0.0.1":
  version "0.0.1"
  resolved "https://registry.yarnpkg.com/@prisma/bar/-/bar-0.0.1.tgz#088c4fbbb79c588391437ade9fd3a85527e753b3"
  integrity sha512-FVLhwVkbfhXlBhroWfIXMLi+3Jh9IEzYp+9z+MUUiw3ZsbcoAil7CN9/QIjHc4/TcCRyRfuSmT7qCnn4O+TjJw==

"@prisma/cli@^2.11.0":
  version "2.11.0"
  resolved "https://registry.yarnpkg.com/@prisma/cli/-/cli-2.11.0.tgz#34bdc5573ac40edae336b65fa73a164cae437622"
  integrity sha512-RphW+1SPrEKgpuE5RFM0mv3BeVTF8MCRIyBt35Z9Z/E4YI30qgEWfZu6VfsNDarHRsFiJRKC73wx/aMQ2rLp4g==
  dependencies:
    "@prisma/bar" "0.0.1"
    "@prisma/engines" "2.11.0-10.58369335532e47bdcec77a2f1e7c1fb83a463918"

"@prisma/client@^2.11.0":
  version "2.11.0"
  resolved "https://registry.yarnpkg.com/@prisma/client/-/client-2.11.0.tgz#574c1aa3b571ea01c0fa8dca348c6ba5db41dcc9"
  integrity sha512-BF7K/yi5fAnrt7MelQqUueJyl06IGmIxf+7f5RxFSvyO6xZMbOYxhW21kV2wt10mOIS0khQbo0xY6w/8jViJuQ==
  dependencies:
    "@prisma/engines-version" "2.11.0-10.58369335532e47bdcec77a2f1e7c1fb83a463918"

"@prisma/engines-version@2.11.0-10.58369335532e47bdcec77a2f1e7c1fb83a463918":
  version "2.11.0-10.58369335532e47bdcec77a2f1e7c1fb83a463918"
  resolved "https://registry.yarnpkg.com/@prisma/engines-version/-/engines-version-2.11.0-10.58369335532e47bdcec77a2f1e7c1fb83a463918.tgz#840bb5ca8707ed3b852d250c1bac9c75098682ee"
  integrity sha512-qlkW4dKoW1dUnperWPuhFriZ/NTHlsKLhBbebxRa8qMuD3o37SvWIDGLjFOQx1N0Eb4H04rI3XxgjkWLFVlZCw==

"@prisma/engines@2.11.0-10.58369335532e47bdcec77a2f1e7c1fb83a463918":
  version "2.11.0-10.58369335532e47bdcec77a2f1e7c1fb83a463918"
  resolved "https://registry.yarnpkg.com/@prisma/engines/-/engines-2.11.0-10.58369335532e47bdcec77a2f1e7c1fb83a463918.tgz#5f02f311ce48297ef3fa9861dcab5ec3e52f1371"
  integrity sha512-0WaUybWM7J5zQuG/zYLbV+ZKx9/nzS7Ruu7Y0K2lXJKy3Z9koeVttq+Xt7tVmUX9TLgI1Rwhb9R2e1JMNDWbsw==
